// !$*UTF8*$!
{
	archiveVersion = 1;
	classes = {
	};
	objectVersion = 56;
	objects = {

/* Begin PBXBuildFile section */
		B18297A62C602FF000979463 /* ListAppApp.swift in Sources */ = {isa = PBXBuildFile; fileRef = B18297A52C602FF000979463 /* ListAppApp.swift */; };
		B18297AA2C602FF100979463 /* Assets.xcassets in Resources */ = {isa = PBXBuildFile; fileRef = B18297A92C602FF100979463 /* Assets.xcassets */; };
		B18297AD2C602FF100979463 /* Preview Assets.xcassets in Resources */ = {isa = PBXBuildFile; fileRef = B18297AC2C602FF100979463 /* Preview Assets.xcassets */; };
		B1D96F2E2C60573D005F5AF5 /* ListData.swift in Sources */ = {isa = PBXBuildFile; fileRef = B1D96F2D2C60573D005F5AF5 /* ListData.swift */; };
		B1D96F322C605750005F5AF5 /* addListView.swift in Sources */ = {isa = PBXBuildFile; fileRef = B1D96F2F2C605750005F5AF5 /* addListView.swift */; };
		B1D96F332C605750005F5AF5 /* SettingsView.swift in Sources */ = {isa = PBXBuildFile; fileRef = B1D96F302C605750005F5AF5 /* SettingsView.swift */; };
		B1D96F342C605750005F5AF5 /* ContentView.swift in Sources */ = {isa = PBXBuildFile; fileRef = B1D96F312C605750005F5AF5 /* ContentView.swift */; };
		B1D96F372C6057B4005F5AF5 /* WebUI in Frameworks */ = {isa = PBXBuildFile; productRef = B1D96F362C6057B4005F5AF5 /* WebUI */; };
		B1D96F3A2C6057D4005F5AF5 /* GoogleGenerativeAI in Frameworks */ = {isa = PBXBuildFile; productRef = B1D96F392C6057D4005F5AF5 /* GoogleGenerativeAI */; };
		B1D96F3C2C605937005F5AF5 /* WorkThroughView.swift in Sources */ = {isa = PBXBuildFile; fileRef = B1D96F3B2C605937005F5AF5 /* WorkThroughView.swift */; };
/* End PBXBuildFile section */

/* Begin PBXFileReference section */
		B18297A22C602FF000979463 /* ListApp.app */ = {isa = PBXFileReference; explicitFileType = wrapper.application; includeInIndex = 0; path = ListApp.app; sourceTree = BUILT_PRODUCTS_DIR; };
		B18297A52C602FF000979463 /* ListAppApp.swift */ = {isa = PBXFileReference; lastKnownFileType = sourcecode.swift; path = ListAppApp.swift; sourceTree = "<group>"; };
		B18297A92C602FF100979463 /* Assets.xcassets */ = {isa = PBXFileReference; lastKnownFileType = folder.assetcatalog; path = Assets.xcassets; sourceTree = "<group>"; };
		B18297AC2C602FF100979463 /* Preview Assets.xcassets */ = {isa = PBXFileReference; lastKnownFileType = folder.assetcatalog; path = "Preview Assets.xcassets"; sourceTree = "<group>"; };
		B1D96F2D2C60573D005F5AF5 /* ListData.swift */ = {isa = PBXFileReference; fileEncoding = 4; lastKnownFileType = sourcecode.swift; name = ListData.swift; path = "../../../Desktop/SimpleMemoApp-main/SimpleMemoApp/ListData.swift"; sourceTree = "<group>"; };
		B1D96F2F2C605750005F5AF5 /* addListView.swift */ = {isa = PBXFileReference; fileEncoding = 4; lastKnownFileType = sourcecode.swift; name = addListView.swift; path = "../../../Desktop/SimpleMemoApp-main/SimpleMemoApp/addListView.swift"; sourceTree = "<group>"; };
		B1D96F302C605750005F5AF5 /* SettingsView.swift */ = {isa = PBXFileReference; fileEncoding = 4; lastKnownFileType = sourcecode.swift; name = SettingsView.swift; path = "../../../Desktop/SimpleMemoApp-main/SimpleMemoApp/SettingsView.swift"; sourceTree = "<group>"; };
		B1D96F312C605750005F5AF5 /* ContentView.swift */ = {isa = PBXFileReference; fileEncoding = 4; lastKnownFileType = sourcecode.swift; name = ContentView.swift; path = "../../../Desktop/SimpleMemoApp-main/SimpleMemoApp/ContentView.swift"; sourceTree = "<group>"; };
		B1D96F3B2C605937005F5AF5 /* WorkThroughView.swift */ = {isa = PBXFileReference; lastKnownFileType = sourcecode.swift; path = WorkThroughView.swift; sourceTree = "<group>"; };
/* End PBXFileReference section */

/* Begin PBXFrameworksBuildPhase section */
		B182979F2C602FF000979463 /* Frameworks */ = {
			isa = PBXFrameworksBuildPhase;
			buildActionMask = 2147483647;
			files = (
				B1D96F372C6057B4005F5AF5 /* WebUI in Frameworks */,
				B1D96F3A2C6057D4005F5AF5 /* GoogleGenerativeAI in Frameworks */,
			);
			runOnlyForDeploymentPostprocessing = 0;
		};
/* End PBXFrameworksBuildPhase section */

/* Begin PBXGroup section */
		B18297992C602FF000979463 = {
			isa = PBXGroup;
			children = (
				B18297A42C602FF000979463 /* ListApp */,
				B18297A32C602FF000979463 /* Products */,
			);
			sourceTree = "<group>";
		};
		B18297A32C602FF000979463 /* Products */ = {
			isa = PBXGroup;
			children = (
				B18297A22C602FF000979463 /* ListApp.app */,
			);
			name = Products;
			sourceTree = "<group>";
		};
		B18297A42C602FF000979463 /* ListApp */ = {
			isa = PBXGroup;
			children = (
				B18297A52C602FF000979463 /* ListAppApp.swift */,
				B1D96F2D2C60573D005F5AF5 /* ListData.swift */,
				B1D96F2F2C605750005F5AF5 /* addListView.swift */,
				B1D96F312C605750005F5AF5 /* ContentView.swift */,
				B1D96F302C605750005F5AF5 /* SettingsView.swift */,
				B1D96F3B2C605937005F5AF5 /* WorkThroughView.swift */,
				B18297A92C602FF100979463 /* Assets.xcassets */,
				B18297AB2C602FF100979463 /* Preview Content */,
			);
			path = ListApp;
			sourceTree = "<group>";
		};
		B18297AB2C602FF100979463 /* Preview Content */ = {
			isa = PBXGroup;
			children = (
				B18297AC2C602FF100979463 /* Preview Assets.xcassets */,
			);
			path = "Preview Content";
			sourceTree = "<group>";
		};
/* End PBXGroup section */

/* Begin PBXNativeTarget section */
		B18297A12C602FF000979463 /* ListApp */ = {
			isa = PBXNativeTarget;
			buildConfigurationList = B18297B02C602FF100979463 /* Build configuration list for PBXNativeTarget "ListApp" */;
			buildPhases = (
				B182979E2C602FF000979463 /* Sources */,
				B182979F2C602FF000979463 /* Frameworks */,
				B18297A02C602FF000979463 /* Resources */,
			);
			buildRules = (
			);
			dependencies = (
			);
			name = ListApp;
			packageProductDependencies = (
				B1D96F362C6057B4005F5AF5 /* WebUI */,
				B1D96F392C6057D4005F5AF5 /* GoogleGenerativeAI */,
			);
			productName = ListApp;
			productReference = B18297A22C602FF000979463 /* ListApp.app */;
			productType = "com.apple.product-type.application";
		};
/* End PBXNativeTarget section */

/* Begin PBXProject section */
		B182979A2C602FF000979463 /* Project object */ = {
			isa = PBXProject;
			attributes = {
				BuildIndependentTargetsInParallel = 1;
				LastSwiftUpdateCheck = 1540;
				LastUpgradeCheck = 1540;
				TargetAttributes = {
					B18297A12C602FF000979463 = {
						CreatedOnToolsVersion = 15.4;
					};
				};
			};
			buildConfigurationList = B182979D2C602FF000979463 /* Build configuration list for PBXProject "ListApp" */;
			compatibilityVersion = "Xcode 14.0";
			developmentRegion = en;
			hasScannedForEncodings = 0;
			knownRegions = (
				en,
				Base,
			);
			mainGroup = B18297992C602FF000979463;
			packageReferences = (
				B1D96F352C6057B4005F5AF5 /* XCRemoteSwiftPackageReference "WebUI" */,
				B1D96F382C6057D4005F5AF5 /* XCRemoteSwiftPackageReference "generative-ai-swift" */,
			);
			productRefGroup = B18297A32C602FF000979463 /* Products */;
			projectDirPath = "";
			projectRoot = "";
			targets = (
				B18297A12C602FF000979463 /* ListApp */,
			);
		};
/* End PBXProject section */

/* Begin PBXResourcesBuildPhase section */
		B18297A02C602FF000979463 /* Resources */ = {
			isa = PBXResourcesBuildPhase;
			buildActionMask = 2147483647;
			files = (
				B18297AD2C602FF100979463 /* Preview Assets.xcassets in Resources */,
				B18297AA2C602FF100979463 /* Assets.xcassets in Resources */,
			);
			runOnlyForDeploymentPostprocessing = 0;
		};
/* End PBXResourcesBuildPhase section */

/* Begin PBXSourcesBuildPhase section */
		B182979E2C602FF000979463 /* Sources */ = {
			isa = PBXSourcesBuildPhase;
			buildActionMask = 2147483647;
			files = (
				B1D96F322C605750005F5AF5 /* addListView.swift in Sources */,
				B1D96F342C605750005F5AF5 /* ContentView.swift in Sources */,
				B1D96F332C605750005F5AF5 /* SettingsView.swift in Sources */,
				B1D96F3C2C605937005F5AF5 /* WorkThroughView.swift in Sources */,
				B18297A62C602FF000979463 /* ListAppApp.swift in Sources */,
				B1D96F2E2C60573D005F5AF5 /* ListData.swift in Sources */,
			);
			runOnlyForDeploymentPostprocessing = 0;
		};
/* End PBXSourcesBuildPhase section */

/* Begin XCBuildConfiguration section */
		B18297AE2C602FF100979463 /* Debug */ = {
			isa = XCBuildConfiguration;
			buildSettings = {
				ALWAYS_SEARCH_USER_PATHS = NO;
				ASSETCATALOG_COMPILER_GENERATE_SWIFT_ASSET_SYMBOL_EXTENSIONS = YES;
				CLANG_ANALYZER_NONNULL = YES;
				CLANG_ANALYZER_NUMBER_OBJECT_CONVERSION = YES_AGGRESSIVE;
				CLANG_CXX_LANGUAGE_STANDARD = "gnu++20";
				CLANG_ENABLE_MODULES = YES;
				CLANG_ENABLE_OBJC_ARC = YES;
				CLANG_ENABLE_OBJC_WEAK = YES;
				CLANG_WARN_BLOCK_CAPTURE_AUTORELEASING = YES;
				CLANG_WARN_BOOL_CONVERSION = YES;
				CLANG_WARN_COMMA = YES;
				CLANG_WARN_CONSTANT_CONVERSION = YES;
				CLANG_WARN_DEPRECATED_OBJC_IMPLEMENTATIONS = YES;
				CLANG_WARN_DIRECT_OBJC_ISA_USAGE = YES_ERROR;
				CLANG_WARN_DOCUMENTATION_COMMENTS = YES;
				CLANG_WARN_EMPTY_BODY = YES;
				CLANG_WARN_ENUM_CONVERSION = YES;
				CLANG_WARN_INFINITE_RECURSION = YES;
				CLANG_WARN_INT_CONVERSION = YES;
				CLANG_WARN_NON_LITERAL_NULL_CONVERSION = YES;
				CLANG_WARN_OBJC_IMPLICIT_RETAIN_SELF = YES;
				CLANG_WARN_OBJC_LITERAL_CONVERSION = YES;
				CLANG_WARN_OBJC_ROOT_CLASS = YES_ERROR;
				CLANG_WARN_QUOTED_INCLUDE_IN_FRAMEWORK_HEADER = YES;
				CLANG_WARN_RANGE_LOOP_ANALYSIS = YES;
				CLANG_WARN_STRICT_PROTOTYPES = YES;
				CLANG_WARN_SUSPICIOUS_MOVE = YES;
				CLANG_WARN_UNGUARDED_AVAILABILITY = YES_AGGRESSIVE;
				CLANG_WARN_UNREACHABLE_CODE = YES;
				CLANG_WARN__DUPLICATE_METHOD_MATCH = YES;
				COPY_PHASE_STRIP = NO;
				DEBUG_INFORMATION_FORMAT = dwarf;
				ENABLE_STRICT_OBJC_MSGSEND = YES;
				ENABLE_TESTABILITY = YES;
				ENABLE_USER_SCRIPT_SANDBOXING = YES;
				GCC_C_LANGUAGE_STANDARD = gnu17;
				GCC_DYNAMIC_NO_PIC = NO;
				GCC_NO_COMMON_BLOCKS = YES;
				GCC_OPTIMIZATION_LEVEL = 0;
				GCC_PREPROCESSOR_DEFINITIONS = (
					"DEBUG=1",
					"$(inherited)",
				);
				GCC_WARN_64_TO_32_BIT_CONVERSION = YES;
				GCC_WARN_ABOUT_RETURN_TYPE = YES_ERROR;
				GCC_WARN_UNDECLARED_SELECTOR = YES;
				GCC_WARN_UNINITIALIZED_AUTOS = YES_AGGRESSIVE;
				GCC_WARN_UNUSED_FUNCTION = YES;
				GCC_WARN_UNUSED_VARIABLE = YES;
				IPHONEOS_DEPLOYMENT_TARGET = 17.5;
				LOCALIZATION_PREFERS_STRING_CATALOGS = YES;
				MTL_ENABLE_DEBUG_INFO = INCLUDE_SOURCE;
				MTL_FAST_MATH = YES;
				ONLY_ACTIVE_ARCH = YES;
				SDKROOT = iphoneos;
				SWIFT_ACTIVE_COMPILATION_CONDITIONS = "DEBUG $(inherited)";
				SWIFT_OPTIMIZATION_LEVEL = "-Onone";
			};
			name = Debug;
		};
		B18297AF2C602FF100979463 /* Release */ = {
			isa = XCBuildConfiguration;
			buildSettings = {
				ALWAYS_SEARCH_USER_PATHS = NO;
				ASSETCATALOG_COMPILER_GENERATE_SWIFT_ASSET_SYMBOL_EXTENSIONS = YES;
				CLANG_ANALYZER_NONNULL = YES;
				CLANG_ANALYZER_NUMBER_OBJECT_CONVERSION = YES_AGGRESSIVE;
				CLANG_CXX_LANGUAGE_STANDARD = "gnu++20";
				CLANG_ENABLE_MODULES = YES;
				CLANG_ENABLE_OBJC_ARC = YES;
				CLANG_ENABLE_OBJC_WEAK = YES;
				CLANG_WARN_BLOCK_CAPTURE_AUTORELEASING = YES;
				CLANG_WARN_BOOL_CONVERSION = YES;
				CLANG_WARN_COMMA = YES;
				CLANG_WARN_CONSTANT_CONVERSION = YES;
				CLANG_WARN_DEPRECATED_OBJC_IMPLEMENTATIONS = YES;
				CLANG_WARN_DIRECT_OBJC_ISA_USAGE = YES_ERROR;
				CLANG_WARN_DOCUMENTATION_COMMENTS = YES;
				CLANG_WARN_EMPTY_BODY = YES;
				CLANG_WARN_ENUM_CONVERSION = YES;
				CLANG_WARN_INFINITE_RECURSION = YES;
				CLANG_WARN_INT_CONVERSION = YES;
				CLANG_WARN_NON_LITERAL_NULL_CONVERSION = YES;
				CLANG_WARN_OBJC_IMPLICIT_RETAIN_SELF = YES;
				CLANG_WARN_OBJC_LITERAL_CONVERSION = YES;
				CLANG_WARN_OBJC_ROOT_CLASS = YES_ERROR;
				CLANG_WARN_QUOTED_INCLUDE_IN_FRAMEWORK_HEADER = YES;
				CLANG_WARN_RANGE_LOOP_ANALYSIS = YES;
				CLANG_WARN_STRICT_PROTOTYPES = YES;
				CLANG_WARN_SUSPICIOUS_MOVE = YES;
				CLANG_WARN_UNGUARDED_AVAILABILITY = YES_AGGRESSIVE;
				CLANG_WARN_UNREACHABLE_CODE = YES;
				CLANG_WARN__DUPLICATE_METHOD_MATCH = YES;
				COPY_PHASE_STRIP = NO;
				DEBUG_INFORMATION_FORMAT = "dwarf-with-dsym";
				ENABLE_NS_ASSERTIONS = NO;
				ENABLE_STRICT_OBJC_MSGSEND = YES;
				ENABLE_USER_SCRIPT_SANDBOXING = YES;
				GCC_C_LANGUAGE_STANDARD = gnu17;
				GCC_NO_COMMON_BLOCKS = YES;
				GCC_WARN_64_TO_32_BIT_CONVERSION = YES;
				GCC_WARN_ABOUT_RETURN_TYPE = YES_ERROR;
				GCC_WARN_UNDECLARED_SELECTOR = YES;
				GCC_WARN_UNINITIALIZED_AUTOS = YES_AGGRESSIVE;
				GCC_WARN_UNUSED_FUNCTION = YES;
				GCC_WARN_UNUSED_VARIABLE = YES;
				IPHONEOS_DEPLOYMENT_TARGET = 17.5;
				LOCALIZATION_PREFERS_STRING_CATALOGS = YES;
				MTL_ENABLE_DEBUG_INFO = NO;
				MTL_FAST_MATH = YES;
				SDKROOT = iphoneos;
				SWIFT_COMPILATION_MODE = wholemodule;
				VALIDATE_PRODUCT = YES;
			};
			name = Release;
		};
		B18297B12C602FF100979463 /* Debug */ = {
			isa = XCBuildConfiguration;
			buildSettings = {
				ASSETCATALOG_COMPILER_APPICON_NAME = AppIcon;
				ASSETCATALOG_COMPILER_GLOBAL_ACCENT_COLOR_NAME = AccentColor;
				CODE_SIGN_STYLE = Automatic;
				CURRENT_PROJECT_VERSION = 1;
				DEVELOPMENT_ASSET_PATHS = "\"ListApp/Preview Content\"";
				DEVELOPMENT_TEAM = WB32WK7B28;
				ENABLE_PREVIEWS = YES;
				GENERATE_INFOPLIST_FILE = YES;
				INFOPLIST_KEY_UIApplicationSceneManifest_Generation = YES;
				INFOPLIST_KEY_UIApplicationSupportsIndirectInputEvents = YES;
				INFOPLIST_KEY_UILaunchScreen_Generation = YES;
				INFOPLIST_KEY_UISupportedInterfaceOrientations_iPad = "UIInterfaceOrientationPortrait UIInterfaceOrientationPortraitUpsideDown UIInterfaceOrientationLandscapeLeft UIInterfaceOrientationLandscapeRight";
				INFOPLIST_KEY_UISupportedInterfaceOrientations_iPhone = "UIInterfaceOrientationPortrait UIInterfaceOrientationLandscapeLeft UIInterfaceOrientationLandscapeRight";
				LD_RUNPATH_SEARCH_PATHS = (
					"$(inherited)",
					"@executable_path/Frameworks",
				);
				MARKETING_VERSION = 1.0;
				PRODUCT_BUNDLE_IDENTIFIER = com.shunsato.ListApp;
				PRODUCT_NAME = "$(TARGET_NAME)";
				SWIFT_EMIT_LOC_STRINGS = YES;
				SWIFT_VERSION = 5.0;
				TARGETED_DEVICE_FAMILY = "1,2";
			};
			name = Debug;
		};
		B18297B22C602FF100979463 /* Release */ = {
			isa = XCBuildConfiguration;
			buildSettings = {
				ASSETCATALOG_COMPILER_APPICON_NAME = AppIcon;
				ASSETCATALOG_COMPILER_GLOBAL_ACCENT_COLOR_NAME = AccentColor;
				CODE_SIGN_STYLE = Automatic;
				CURRENT_PROJECT_VERSION = 1;
				DEVELOPMENT_ASSET_PATHS = "\"ListApp/Preview Content\"";
				DEVELOPMENT_TEAM = WB32WK7B28;
				ENABLE_PREVIEWS = YES;
				GENERATE_INFOPLIST_FILE = YES;
				INFOPLIST_KEY_UIApplicationSceneManifest_Generation = YES;
				INFOPLIST_KEY_UIApplicationSupportsIndirectInputEvents = YES;
				INFOPLIST_KEY_UILaunchScreen_Generation = YES;
				INFOPLIST_KEY_UISupportedInterfaceOrientations_iPad = "UIInterfaceOrientationPortrait UIInterfaceOrientationPortraitUpsideDown UIInterfaceOrientationLandscapeLeft UIInterfaceOrientationLandscapeRight";
				INFOPLIST_KEY_UISupportedInterfaceOrientations_iPhone = "UIInterfaceOrientationPortrait UIInterfaceOrientationLandscapeLeft UIInterfaceOrientationLandscapeRight";
				LD_RUNPATH_SEARCH_PATHS = (
					"$(inherited)",
					"@executable_path/Frameworks",
				);
				MARKETING_VERSION = 1.0;
				PRODUCT_BUNDLE_IDENTIFIER = com.shunsato.ListApp;
				PRODUCT_NAME = "$(TARGET_NAME)";
				SWIFT_EMIT_LOC_STRINGS = YES;
				SWIFT_VERSION = 5.0;
				TARGETED_DEVICE_FAMILY = "1,2";
			};
			name = Release;
		};
/* End XCBuildConfiguration section */

/* Begin XCConfigurationList section */
		B182979D2C602FF000979463 /* Build configuration list for PBXProject "ListApp" */ = {
			isa = XCConfigurationList;
			buildConfigurations = (
				B18297AE2C602FF100979463 /* Debug */,
				B18297AF2C602FF100979463 /* Release */,
			);
			defaultConfigurationIsVisible = 0;
			defaultConfigurationName = Release;
		};
		B18297B02C602FF100979463 /* Build configuration list for PBXNativeTarget "ListApp" */ = {
			isa = XCConfigurationList;
			buildConfigurations = (
				B18297B12C602FF100979463 /* Debug */,
				B18297B22C602FF100979463 /* Release */,
			);
			defaultConfigurationIsVisible = 0;
			defaultConfigurationName = Release;
		};
/* End XCConfigurationList section */

/* Begin XCRemoteSwiftPackageReference section */
		B1D96F352C6057B4005F5AF5 /* XCRemoteSwiftPackageReference "WebUI" */ = {
			isa = XCRemoteSwiftPackageReference;
			repositoryURL = "https://github.com/cybozu/WebUI.git";
			requirement = {
				kind = upToNextMajorVersion;
				minimumVersion = 2.1.1;
			};
		};
		B1D96F382C6057D4005F5AF5 /* XCRemoteSwiftPackageReference "generative-ai-swift" */ = {
			isa = XCRemoteSwiftPackageReference;
			repositoryURL = "https://github.com/google-gemini/generative-ai-swift.git";
			requirement = {
				kind = upToNextMajorVersion;
				minimumVersion = 0.5.5;
			};
		};
/* End XCRemoteSwiftPackageReference section */

/* Begin XCSwiftPackageProductDependency section */
		B1D96F362C6057B4005F5AF5 /* WebUI */ = {
			isa = XCSwiftPackageProductDependency;
			package = B1D96F352C6057B4005F5AF5 /* XCRemoteSwiftPackageReference "WebUI" */;
			productName = WebUI;
		};
		B1D96F392C6057D4005F5AF5 /* GoogleGenerativeAI */ = {
			isa = XCSwiftPackageProductDependency;
			package = B1D96F382C6057D4005F5AF5 /* XCRemoteSwiftPackageReference "generative-ai-swift" */;
			productName = GoogleGenerativeAI;
		};
/* End XCSwiftPackageProductDependency section */
	};
	rootObject = B182979A2C602FF000979463 /* Project object */;
}
